lockfileVersion: '9.0'

settings:
  autoInstallPeers: true
  excludeLinksFromLockfile: false

importers:

  .:
    dependencies:
      jsdom:
        specifier: ^29.0.0
        version: 29.0.0
    devDependencies:
      sed:
        specifier: ^0.0.2
        version: 0.0.2

packages:

  '@asamuzakjp/css-color@5.0.1':
    resolution: {integrity: sha512-2SZFvqMyvboVV1d15lMf7XiI3m7SDqXUuKaTymJYLN6dSGadqp+fVojqJlVoMlbZnlTmu3S0TLwLTJpvBMO1Aw==}
    engines: {node: ^20.19.0 || ^22.12.0 || >=24.0.0}

  '@asamuzakjp/dom-selector@7.0.3':
    resolution: {integrity: sha512-Q6mU0Z6bfj6YvnX2k9n0JxiIwrCFN59x/nWmYQnAqP000ruX/yV+5bp/GRcF5T8ncvfwJQ7fgfP74DlpKExILA==}
    engines: {node: ^20.19.0 || ^22.12.0 || >=24.0.0}

  '@asamuzakjp/nwsapi@2.3.9':
    resolution: {integrity: sha512-n8GuYSrI9bF7FFZ/SjhwevlHc8xaVlb/7HmHelnc/PZXBD2ZR49NnN9sMMuDdEGPeeRQ5d0hqlSlEpgCX3Wl0Q==}

  '@bramus/specificity@2.4.2':
    resolution: {integrity: sha512-ctxtJ/eA+t+6q2++vj5j7FYX3nRu311q1wfYH3xjlLOsczhlhxAg2FWNUXhpGvAw3BWo1xBcvOV6/YLc2r5FJw==}
    hasBin: true

  '@csstools/color-helpers@6.0.2':
    resolution: {integrity: sha512-LMGQLS9EuADloEFkcTBR3BwV/CGHV7zyDxVRtVDTwdI2Ca4it0CCVTT9wCkxSgokjE5Ho41hEPgb8OEUwoXr6Q==}
    engines: {node: '>=20.19.0'}

  '@csstools/css-calc@3.1.1':
    resolution: {integrity: sha512-HJ26Z/vmsZQqs/o3a6bgKslXGFAungXGbinULZO3eMsOyNJHeBBZfup5FiZInOghgoM4Hwnmw+OgbJCNg1wwUQ==}
    engines: {node: '>=20.19.0'}
    peerDependencies:
      '@csstools/css-parser-algorithms': ^4.0.0
      '@csstools/css-tokenizer': ^4.0.0

  '@csstools/css-color-parser@4.0.2':
    resolution: {integrity: sha512-0GEfbBLmTFf0dJlpsNU7zwxRIH0/BGEMuXLTCvFYxuL1tNhqzTbtnFICyJLTNK4a+RechKP75e7w42ClXSnJQw==}
    engines: {node: '>=20.19.0'}
    peerDependencies:
      '@csstools/css-parser-algorithms': ^4.0.0
      '@csstools/css-tokenizer': ^4.0.0

  '@csstools/css-parser-algorithms@4.0.0':
    resolution: {integrity: sha512-+B87qS7fIG3L5h3qwJ/IFbjoVoOe/bpOdh9hAjXbvx0o8ImEmUsGXN0inFOnk2ChCFgqkkGFQ+TpM5rbhkKe4w==}
    engines: {node: '>=20.19.0'}
    peerDependencies:
      '@csstools/css-tokenizer': ^4.0.0

  '@csstools/css-syntax-patches-for-csstree@1.1.1':
    resolution: {integrity: sha512-BvqN0AMWNAnLk9G8jnUT77D+mUbY/H2b3uDTvg2isJkHaOufUE2R3AOwxWo7VBQKT1lOdwdvorddo2B/lk64+w==}
    peerDependencies:
      css-tree: ^3.2.1
    peerDependenciesMeta:
      css-tree:
        optional: true

  '@csstools/css-tokenizer@4.0.0':
    resolution: {integrity: sha512-QxULHAm7cNu72w97JUNCBFODFaXpbDg+dP8b/oWFAZ2MTRppA3U00Y2L1HqaS4J6yBqxwa/Y3nMBaxVKbB/NsA==}
    engines: {node: '>=20.19.0'}

  '@exodus/bytes@1.15.0':
    resolution: {integrity: sha512-UY0nlA+feH81UGSHv92sLEPLCeZFjXOuHhrIo0HQydScuQc8s0A7kL/UdgwgDq8g8ilksmuoF35YVTNphV2aBQ==}
    engines: {node: ^20.19.0 || ^22.12.0 || >=24.0.0}
    peerDependencies:
      '@noble/hashes': ^1.8.0 || ^2.0.0
    peerDependenciesMeta:
      '@noble/hashes':
        optional: true

  any-promise@1.3.0:
    resolution: {integrity: sha512-7UvmKalWRt1wgjL1RrGxoSJW/0QZFIegpeGvZG9kjp8vrRu55XTHbwnqq2GpXm9uLbcuhxm3IqX9OB4MZR1b2A==}

  assert-plus@1.0.0:
    resolution: {integrity: sha512-NfJ4UzBCcQGLDlQq7nHxH+tv3kyZ0hHQqF5BO6J7tNJeP5do1llPr8dZ8zHonfhAu0PHAdMkSo+8o0wxg9lZWw==}
    engines: {node: '>=0.8'}

  bidi-js@1.0.3:
    resolution: {integrity: sha512-RKshQI1R3YQ+n9YJz2QQ147P66ELpa1FQEg20Dk8oW9t2KgLbpDLLp9aGZ7y8WHSshDknG0bknqGw5/tyCs5tw==}

  core-util-is@1.0.2:
    resolution: {integrity: sha512-3lqz5YjWTYnW6dlDa5TLaTCcShfar1e40rmcJVwCBJC6mWlFuj0eCHIElmG1g5kyuJ/GD+8Wn4FFCcz4gJPfaQ==}

  core-util-is@1.0.3:
    resolution: {integrity: sha512-ZQBvi1DcpJ4GDqanjucZ2Hj3wEO5pZDS89BWbkcrvdxksJorwUDDZamX9ldFkp9aw2lmBDLgkObEA4DWNJ9FYQ==}

  css-tree@3.2.1:
    resolution: {integrity: sha512-X7sjQzceUhu1u7Y/ylrRZFU2FS6LRiFVp6rKLPg23y3x3c3DOKAwuXGDp+PAGjh6CSnCjYeAul8pcT8bAl+lSA==}
    engines: {node: ^10 || ^12.20.0 || ^14.13.0 || >=15.0.0}

  data-urls@7.0.0:
    resolution: {integrity: sha512-23XHcCF+coGYevirZceTVD7NdJOqVn+49IHyxgszm+JIiHLoB2TkmPtsYkNWT1pvRSGkc35L6NHs0yHkN2SumA==}
    engines: {node: ^20.19.0 || ^22.12.0 || >=24.0.0}

  decimal.js@10.6.0:
    resolution: {integrity: sha512-YpgQiITW3JXGntzdUmyUR1V812Hn8T1YVXhCu+wO3OpS4eU9l4YdD3qjyiKdV6mvV29zapkMeD390UVEf2lkUg==}

  duplexify@4.1.3:
    resolution: {integrity: sha512-M3BmBhwJRZsSx38lZyhE53Csddgzl5R7xGJNk7CVddZD6CcmwMCH8J+7AprIrQKH7TonKxaCjcv27Qmf+sQ+oA==}

  end-of-stream-promise@1.0.0:
    resolution: {integrity: sha512-1u3Geul15xPtCiZFZibKWulA6pMecvPO+cvejugP36fGviKdcKydXzHMLqjZgt+N+DO+ifcKVUYcmg7IxlgpBg==}

  end-of-stream@1.4.5:
    resolution: {integrity: sha512-ooEGc6HP26xXq/N+GCGOT0JKCLDGrq2bQUZrQ7gyrJiZANJ/8YDTxTpQBXGMn+WbIQXNVpyWymm7KYVICQnyOg==}

  entities@6.0.1:
    resolution: {integrity: sha512-aN97NXWF6AWBTahfVOIrB/NShkzi5H7F9r1s9mD3cDj4Ko5f2qhhVoYMibXF7GlLveb/D2ioWay8lxI97Ven3g==}
    engines: {node: '>=0.12'}

  esm@3.2.25:
    resolution: {integrity: sha512-U1suiZ2oDVWv4zPO56S0NcR5QriEahGtdN2OR6FiOG4WJvcjBVFB0qI4+eKoWFH483PKGuLuu6V8Z4T5g63UVA==}
    engines: {node: '>=6'}

  esmod-pmb@0.1.13:
    resolution: {integrity: sha512-S5P3ON7uRu6vRg+IwNNvlNxIkHpy9B6MfpBoQIWEu0tuYh0SAJbUT5G8EUj5LBZ8J1sCzFzj+p/AFdxOIKoQ7g==}

  extsprintf@1.4.1:
    resolution: {integrity: sha512-Wrk35e8ydCKDj/ArClo1VrPVmN8zph5V4AtHwIuHhvMXsKf73UT3BOD+azBIW+3wOJ4FhEH7zyaJCFvChjYvMA==}
    engines: {'0': node >=0.6.0}

  from2@2.3.0:
    resolution: {integrity: sha512-OMcX/4IC/uqEPVgGeyfN22LJk6AZrMkRZHxcHBMBvHScDGgwTm2GT2Wkgtocyd3JfZffjj2kYUDXXII0Fk9W0g==}

  getown@1.0.1:
    resolution: {integrity: sha512-hxuwj9EmQ6zJJJ7rKLwN3i3GirReCXynml678WheEgAoD9FjGMvkje06pXktWnsfJDlkDlB3dqFUv6nB9I1Pyw==}
    engines: {node: '>=16.0.0', npm: '>=7.0.0'}

  html-encoding-sniffer@6.0.0:
    resolution: {integrity: sha512-CV9TW3Y3f8/wT0BRFc1/KAVQ3TUHiXmaAb6VW9vtiMFf7SLoMd1PdAc4W3KFOFETBJUb90KatHqlsZMWV+R9Gg==}
    engines: {node: ^20.19.0 || ^22.12.0 || >=24.0.0}

  inherits@2.0.4:
    resolution: {integrity: sha512-k/vGaX4/Yla3WzyMCvTQOXYeIHvqOKtnqBduzTHpzpQZzAskKMhZ2K+EnBiSM9zGSoIFeMpXKxa4dYeZIQqewQ==}

  into-stream@5.1.1:
    resolution: {integrity: sha512-krrAJ7McQxGGmvaYbB7Q1mcA+cRwg9Ij2RfWIeVesNBgVDZmzY/Fa4IpZUT3bmdRzMzdf/mzltCG2Dq99IZGBA==}
    engines: {node: '>=8'}

  is-potential-custom-element-name@1.0.1:
    resolution: {integrity: sha512-bCYeRA2rVibKZd+s2625gGnGF/t7DSqDs4dP7CrLA1m7jKWz6pps0LpYLJN8Q64HtmPKJ1hrN3nzPNKFEKOUiQ==}

  isarray@1.0.0:
    resolution: {integrity: sha512-VLghIWNM6ELQzo7zwmcg0NmTVyWKYjvIeM83yjp0wRDTmUnrM678fQbcKBo6n2CJEF0szoG//ytg+TKla89ALQ==}

  jsdom@29.0.0:
    resolution: {integrity: sha512-9FshNB6OepopZ08unmmGpsF7/qCjxGPbo3NbgfJAnPeHXnsODE9WWffXZtRFRFe0ntzaAOcSKNJFz8wiyvF1jQ==}
    engines: {node: ^20.19.0 || ^22.13.0 || >=24.0.0}
    peerDependencies:
      canvas: ^3.0.0
    peerDependenciesMeta:
      canvas:
        optional: true

  lru-cache@11.2.7:
    resolution: {integrity: sha512-aY/R+aEsRelme17KGQa/1ZSIpLpNYYrhcrepKTZgE+W3WM16YMCaPwOHLHsmopZHELU0Ojin1lPVxKR0MihncA==}
    engines: {node: 20 || >=22}

  mdn-data@2.27.1:
    resolution: {integrity: sha512-9Yubnt3e8A0OKwxYSXyhLymGW4sCufcLG6VdiDdUGVkPhpqLxlvP5vl1983gQjJl3tqbrM731mjaZaP68AgosQ==}

  next-chunk@1.0.2:
    resolution: {integrity: sha512-yEuSZR6Ln+T7KGRiYeDTZC0TE/jxxvjsrL0G4Czf43rfmQ8DNS0xzCbllYYwKT1t2inA/RYRh5slTfTDpblL8Q==}

  once@1.4.0:
    resolution: {integrity: sha512-lNaJgI+2Q5URQBkccEKHTQOPaXdUxnZZElQTZY0MFUAuaEqe1E+Nyvgdz/aIyNi6Z9MzO5dv1H8n58/GELp3+w==}

  p-fatal@0.1.5:
    resolution: {integrity: sha512-Nzb4sfGqY1QRR6TbfHhmQeV9ElWaZ59d2SC435VyG3u7MVjnHApZGFpBmEJqVubqTEs63mnw7zgoNg/OOR5KRg==}
    engines: {node: '>=16.0.0', npm: '>=7.0.0'}

  p-is-promise@3.0.0:
    resolution: {integrity: sha512-Wo8VsW4IRQSKVXsJCn7TomUaVtyfjVDn3nUP7kE967BQk0CwFpdbZs0X0uk5sW9mkBa9eNM7hCMaG93WUAwxYQ==}
    engines: {node: '>=8'}

  p-read-next-stream-chunk@0.1.3:
    resolution: {integrity: sha512-HfFttvYz7arPfhqS6Yj5tCv5XUy8TgXd+yIb5QxPgS/uc3ajtQLth7wyJxeTTI1VSyStOeLHpI7u6vkvp+pr1w==}

  parse5@8.0.0:
    resolution: {integrity: sha512-9m4m5GSgXjL4AjumKzq1Fgfp3Z8rsvjRNbnkVwfu2ImRqE5D0LnY2QfDen18FSY9C573YU5XxSapdHZTZ2WolA==}

  process-nextick-args@2.0.1:
    resolution: {integrity: sha512-3ouUOpQhtgrbOa17J7+uxOTpITYWaGP7/AhoR3+A+/1e9skrzelGi/dXzEYyvbxubEF6Wn2ypscTKiKJFFn1ag==}

  pump@3.0.4:
    resolution: {integrity: sha512-VS7sjc6KR7e1ukRFhQSY5LM2uBWAUPiOPa/A3mkKmiMwSmRFUITt0xuj+/lesgnCv+dPIEYlkzrcyXgquIHMcA==}

  pumpify@2.0.1:
    resolution: {integrity: sha512-m7KOje7jZxrmutanlkS1daj1dS6z6BgslzOXmcSEpIlCxM3VJH7lG5QLeck/6hgF6F4crFf01UtQmNsJfweTAw==}

  punycode@2.3.1:
    resolution: {integrity: sha512-vYt7UD1U9Wg6138shLtLOvdAu+8DsC/ilFtEVHcH+wydcSpNE20AfSOduf6MkRFahL5FY7X1oU7nKVZFtfq8Fg==}
    engines: {node: '>=6'}

  readable-stream@2.3.8:
    resolution: {integrity: sha512-8p0AUk4XODgIewSi0l8Epjs+EVnWiK7NoDIEGU0HhE7+ZyY8D1IMY7odu5lRrFXGg71L15KG8QrPmum45RTtdA==}

  readable-stream@3.6.2:
    resolution: {integrity: sha512-9u/sniCrY3D5WdsERHzHE4G2YCXqoG5FTHUiCC4SIbr6XcLZBY05ya9EKjYek9O5xOAwjGq+1JdGBAS7Q9ScoA==}
    engines: {node: '>= 6'}

  require-from-string@2.0.2:
    resolution: {integrity: sha512-Xf0nWe6RseziFMu+Ap9biiUbmplq6S9/p+7w7YXP/JBHhrUDDUhwa+vANyubuqfZWTveU//DYVGsDG7RKL/vEw==}
    engines: {node: '>=0.10.0'}

  safe-buffer@5.1.2:
    resolution: {integrity: sha512-Gd2UZBJDkXlY7GbJxfsE8/nvKkUEU1G38c1siN6QP6a9PT9MmHB8GnpscSmMJSoF8LOIrt8ud/wPtojys4G6+g==}

  safe-buffer@5.2.1:
    resolution: {integrity: sha512-rp3So07KcdmmKbGvgaNxQSJr7bGVSVk5S9Eq1F+ppbRo70+YeaDxkw5Dd8NPN+GD6bjnYm2VuPuCXmpuYvmCXQ==}

  saxes@6.0.0:
    resolution: {integrity: sha512-xAg7SOnEhrm5zI3puOOKyy1OMcMlIJZYNJY7xLBwSze0UjhPLnWfj2GF2EpT0jmzaJKIWKHLsaSSajf35bcYnA==}
    engines: {node: '>=v12.22.7'}

  sed@0.0.2:
    resolution: {integrity: sha512-uNRjNRqmBhkO/cUWLWXOHmA4P9vw9vIjlfikLr0LBckaqPL41Gq74UxAC4WrYxnlHdHlJ4ql5lSM4WCTfdl4FQ==}
    hasBin: true

  source-map-js@1.2.1:
    resolution: {integrity: sha512-UXWMKhLOwVKb728IUtQPXxfYU+usdybtUrK/8uGE8CQMvrhOpwvzDBwj0QhSL7MQc7vIsISBG8VQ8+IDQxpfQA==}
    engines: {node: '>=0.10.0'}

  split-stream-lines-preserve-eol-pmb@0.1.1:
    resolution: {integrity: sha512-LbYQCHfs1FlPmzkWTNifJbsO3bhS/ZMhyMdgPdn+x+485X5K/0xaSmUCAiipegon4W+Ns2x/v/G52Ip/wS5Hew==}

  split-string-or-buffer-once-pmb@1.0.2:
    resolution: {integrity: sha512-GnbohI0abn3vIP9jgnVme7ijbig4eagDLWGH5TBYl+HbWZV3i2Za+vh94YpOyIHnBcBjEqWKsWTpuB5UihqFEw==}
    engines: {node: '>=16.0.0', npm: '>=7.0.0'}

  split2@3.2.2:
    resolution: {integrity: sha512-9NThjpgZnifTkJpzTZ7Eue85S49QwpNhZTq6GRJwObb6jnLFNGB7Qm73V5HewTROPyxD0C29xqmaI68bQtV+hg==}

  stream-shift@1.0.3:
    resolution: {integrity: sha512-76ORR0DO1o1hlKwTbi/DM3EXWGf3ZJYO8cXX5RJwnul2DEg2oyoZyjLNoQM8WsvZiFKCRfC1O0J7iCvie3RZmQ==}

  string_decoder@1.1.1:
    resolution: {integrity: sha512-n/ShnvDi6FHbbVfviro+WojiFzv+s8MPMHBczVePfUpDJLwoLT0ht1l4YwBCbi8pJAveEEdnkHyPyTP/mzRfwg==}

  string_decoder@1.3.0:
    resolution: {integrity: sha512-hkRX8U1WjJFd8LsDJ2yQ/wWWxaopEsABU1XfkM8A+j0+85JAGppt16cr1Whg6KIbb4okU6Mql6BOj+uup/wKeA==}

  symbol-tree@3.2.4:
    resolution: {integrity: sha512-9QNk5KwDF+Bvz+PyObkmSYjI5ksVUYtjW7AU22r2NKcfLJcXp96hkDWU3+XndOsUb+AQ9QhfzfCT2O+CNWT5Tw==}

  through2-promise@1.1.2:
    resolution: {integrity: sha512-oGoryQhABSuWm5kviRSI22haTI0rjAuMsQ5fOQ+9E66HQ4vhYTs1DJo7TZAhv+gUlkOEcNtudKF7R4wpw7kbaQ==}

  through2@3.0.2:
    resolution: {integrity: sha512-enaDQ4MUyP2W6ZyT6EsMzqBPZaM/avg8iuo+l2d3QCs0J+6RaqkHV/2/lOwDTueBHeJ/2LG9lrLW3d5rWPucuQ==}

  tldts-core@7.0.26:
    resolution: {integrity: sha512-5WJ2SqFsv4G2Dwi7ZFVRnz6b2H1od39QME1lc2y5Ew3eWiZMAeqOAfWpRP9jHvhUl881406QtZTODvjttJs+ew==}

  tldts@7.0.26:
    resolution: {integrity: sha512-WiGwQjr0qYdNNG8KpMKlSvpxz652lqa3Rd+/hSaDcY4Uo6SKWZq2LAF+hsAhUewTtYhXlorBKgNF3Kk8hnjGoQ==}
    hasBin: true

  tough-cookie@6.0.1:
    resolution: {integrity: sha512-LktZQb3IeoUWB9lqR5EWTHgW/VTITCXg4D21M+lvybRVdylLrRMnqaIONLVb5mav8vM19m44HIcGq4qASeu2Qw==}
    engines: {node: '>=16'}

  tr46@6.0.0:
    resolution: {integrity: sha512-bLVMLPtstlZ4iMQHpFHTR7GAGj2jxi8Dg0s2h2MafAE4uSWF98FC/3MomU51iQAMf8/qDUbKWf5GxuvvVcXEhw==}
    engines: {node: '>=20'}

  typechecks-pmb@0.200620.6:
    resolution: {integrity: sha512-tKahI6MkOOC0ba+BMPmyB7NR3zM7lOV2aDSR43FKPNbk41t8xz3Dy2uVFGIazn1BcAJvf8TbnWbujUXc6QUWCw==}

  undici@7.24.4:
    resolution: {integrity: sha512-BM/JzwwaRXxrLdElV2Uo6cTLEjhSb3WXboncJamZ15NgUURmvlXvxa6xkwIOILIjPNo9i8ku136ZvWV0Uly8+w==}
    engines: {node: '>=20.18.1'}

  util-deprecate@1.0.2:
    resolution: {integrity: sha512-EPD5q1uXyFxJpCrLnCc1nHnq3gOa6DZBocAIiI2TaSCA7VCJ1UJDMagCzIkXNsUYfD1daK//LTEQ8xiIbrHtcw==}

  verror@1.10.1:
    resolution: {integrity: sha512-veufcmxri4e3XSrT0xwfUR7kguIkaxBeosDg00yDWhk49wdwkSUrvvsm7nc75e1PUyvIeZj6nS8VQRYz2/S4Xg==}
    engines: {node: '>=0.6.0'}

  vtry@1.0.9:
    resolution: {integrity: sha512-GIueuXeB46jkdaMl/q98h7SjfBEoQM94ZtHXlD+4JEFc3qkcktLlgLn0wS+tXKcPA7G5Nptu7Ln56mcGdTV67A==}

  w3c-xmlserializer@5.0.0:
    resolution: {integrity: sha512-o8qghlI8NZHU1lLPrpi2+Uq7abh4GGPpYANlalzWxyWteJOCsr/P+oPBA49TOLu5FTZO4d3F9MnWJfiMo4BkmA==}
    engines: {node: '>=18'}

  webidl-conversions@8.0.1:
    resolution: {integrity: sha512-BMhLD/Sw+GbJC21C/UgyaZX41nPt8bUTg+jWyDeg7e7YN4xOM05YPSIXceACnXVtqyEw/LMClUQMtMZ+PGGpqQ==}
    engines: {node: '>=20'}

  whatwg-mimetype@5.0.0:
    resolution: {integrity: sha512-sXcNcHOC51uPGF0P/D4NVtrkjSU2fNsm9iog4ZvZJsL3rjoDAzXZhkm2MWt1y+PUdggKAYVoMAIYcs78wJ51Cw==}
    engines: {node: '>=20'}

  whatwg-url@16.0.1:
    resolution: {integrity: sha512-1to4zXBxmXHV3IiSSEInrreIlu02vUOvrhxJJH5vcxYTBDAx51cqZiKdyTxlecdKNSjj8EcxGBxNf6Vg+945gw==}
    engines: {node: ^20.19.0 || ^22.12.0 || >=24.0.0}

  wrappy@1.0.2:
    resolution: {integrity: sha512-l4Sp/DRseor9wL6EvV2+TuQn63dMkPjZ/sp9XkghTEbV9KlPS1xUsZ3u7/IQO4wxtcFB4bgpQPRcR3QCvezPcQ==}

  xml-name-validator@5.0.0:
    resolution: {integrity: sha512-EvGK8EJ3DhaHfbRlETOWAS5pO9MZITeauHKJyb8wyajUfQUenkIg2MvLDTZ4T/TgIcm3HU0TFBgWWboAZ30UHg==}
    engines: {node: '>=18'}

  xmlchars@2.2.0:
    resolution: {integrity: sha512-JZnDKK8B0RCDw84FNdDAIpZK+JuJw+s7Lz8nksI7SIuU3UXJJslUthsi+uWBUYOwPFwW7W7PRLRfUKpxjtjFCw==}

  xtend@4.0.2:
    resolution: {integrity: sha512-LKYU1iAXJXUgAXn9URjiu+MWhyUXHsvfp7mcuYm9dSUKK0/CjtrUwFAxD82/mCWbtLsGjFIad0wIsod4zrTAEQ==}
    engines: {node: '>=0.4'}

snapshots:

  '@asamuzakjp/css-color@5.0.1':
    dependencies:
      '@csstools/css-calc': 3.1.1(@csstools/css-parser-algorithms@4.0.0(@csstools/css-tokenizer@4.0.0))(@csstools/css-tokenizer@4.0.0)
      '@csstools/css-color-parser': 4.0.2(@csstools/css-parser-algorithms@4.0.0(@csstools/css-tokenizer@4.0.0))(@csstools/css-tokenizer@4.0.0)
      '@csstools/css-parser-algorithms': 4.0.0(@csstools/css-tokenizer@4.0.0)
      '@csstools/css-tokenizer': 4.0.0
      lru-cache: 11.2.7

  '@asamuzakjp/dom-selector@7.0.3':
    dependencies:
      '@asamuzakjp/nwsapi': 2.3.9
      bidi-js: 1.0.3
      css-tree: 3.2.1
      is-potential-custom-element-name: 1.0.1
      lru-cache: 11.2.7

  '@asamuzakjp/nwsapi@2.3.9': {}

  '@bramus/specificity@2.4.2':
    dependencies:
      css-tree: 3.2.1

  '@csstools/color-helpers@6.0.2': {}

  '@csstools/css-calc@3.1.1(@csstools/css-parser-algorithms@4.0.0(@csstools/css-tokenizer@4.0.0))(@csstools/css-tokenizer@4.0.0)':
    dependencies:
      '@csstools/css-parser-algorithms': 4.0.0(@csstools/css-tokenizer@4.0.0)
      '@csstools/css-tokenizer': 4.0.0

  '@csstools/css-color-parser@4.0.2(@csstools/css-parser-algorithms@4.0.0(@csstools/css-tokenizer@4.0.0))(@csstools/css-tokenizer@4.0.0)':
    dependencies:
      '@csstools/color-helpers': 6.0.2
      '@csstools/css-calc': 3.1.1(@csstools/css-parser-algorithms@4.0.0(@csstools/css-tokenizer@4.0.0))(@csstools/css-tokenizer@4.0.0)
      '@csstools/css-parser-algorithms': 4.0.0(@csstools/css-tokenizer@4.0.0)
      '@csstools/css-tokenizer': 4.0.0

  '@csstools/css-parser-algorithms@4.0.0(@csstools/css-tokenizer@4.0.0)':
    dependencies:
      '@csstools/css-tokenizer': 4.0.0

  '@csstools/css-syntax-patches-for-csstree@1.1.1(css-tree@3.2.1)':
    optionalDependencies:
      css-tree: 3.2.1

  '@csstools/css-tokenizer@4.0.0': {}

  '@exodus/bytes@1.15.0': {}

  any-promise@1.3.0: {}

  assert-plus@1.0.0: {}

  bidi-js@1.0.3:
    dependencies:
      require-from-string: 2.0.2

  core-util-is@1.0.2: {}

  core-util-is@1.0.3: {}

  css-tree@3.2.1:
    dependencies:
      mdn-data: 2.27.1
      source-map-js: 1.2.1

  data-urls@7.0.0:
    dependencies:
      whatwg-mimetype: 5.0.0
      whatwg-url: 16.0.1
    transitivePeerDependencies:
      - '@noble/hashes'

  decimal.js@10.6.0: {}

  duplexify@4.1.3:
    dependencies:
      end-of-stream: 1.4.5
      inherits: 2.0.4
      readable-stream: 3.6.2
      stream-shift: 1.0.3

  end-of-stream-promise@1.0.0:
    dependencies:
      end-of-stream: 1.4.5

  end-of-stream@1.4.5:
    dependencies:
      once: 1.4.0

  entities@6.0.1: {}

  esm@3.2.25: {}

  esmod-pmb@0.1.13:
    dependencies:
      esm: 3.2.25

  extsprintf@1.4.1: {}

  from2@2.3.0:
    dependencies:
      inherits: 2.0.4
      readable-stream: 2.3.8

  getown@1.0.1: {}

  html-encoding-sniffer@6.0.0:
    dependencies:
      '@exodus/bytes': 1.15.0
    transitivePeerDependencies:
      - '@noble/hashes'

  inherits@2.0.4: {}

  into-stream@5.1.1:
    dependencies:
      from2: 2.3.0
      p-is-promise: 3.0.0

  is-potential-custom-element-name@1.0.1: {}

  isarray@1.0.0: {}

  jsdom@29.0.0:
    dependencies:
      '@asamuzakjp/css-color': 5.0.1
      '@asamuzakjp/dom-selector': 7.0.3
      '@bramus/specificity': 2.4.2
      '@csstools/css-syntax-patches-for-csstree': 1.1.1(css-tree@3.2.1)
      '@exodus/bytes': 1.15.0
      css-tree: 3.2.1
      data-urls: 7.0.0
      decimal.js: 10.6.0
      html-encoding-sniffer: 6.0.0
      is-potential-custom-element-name: 1.0.1
      lru-cache: 11.2.7
      parse5: 8.0.0
      saxes: 6.0.0
      symbol-tree: 3.2.4
      tough-cookie: 6.0.1
      undici: 7.24.4
      w3c-xmlserializer: 5.0.0
      webidl-conversions: 8.0.1
      whatwg-mimetype: 5.0.0
      whatwg-url: 16.0.1
      xml-name-validator: 5.0.0
    transitivePeerDependencies:
      - '@noble/hashes'

  lru-cache@11.2.7: {}

  mdn-data@2.27.1: {}

  next-chunk@1.0.2: {}

  once@1.4.0:
    dependencies:
      wrappy: 1.0.2

  p-fatal@0.1.5: {}

  p-is-promise@3.0.0: {}

  p-read-next-stream-chunk@0.1.3:
    dependencies:
      next-chunk: 1.0.2

  parse5@8.0.0:
    dependencies:
      entities: 6.0.1

  process-nextick-args@2.0.1: {}

  pump@3.0.4:
    dependencies:
      end-of-stream: 1.4.5
      once: 1.4.0

  pumpify@2.0.1:
    dependencies:
      duplexify: 4.1.3
      inherits: 2.0.4
      pump: 3.0.4

  punycode@2.3.1: {}

  readable-stream@2.3.8:
    dependencies:
      core-util-is: 1.0.3
      inherits: 2.0.4
      isarray: 1.0.0
      process-nextick-args: 2.0.1
      safe-buffer: 5.1.2
      string_decoder: 1.1.1
      util-deprecate: 1.0.2

  readable-stream@3.6.2:
    dependencies:
      inherits: 2.0.4
      string_decoder: 1.3.0
      util-deprecate: 1.0.2

  require-from-string@2.0.2: {}

  safe-buffer@5.1.2: {}

  safe-buffer@5.2.1: {}

  saxes@6.0.0:
    dependencies:
      xmlchars: 2.2.0

  sed@0.0.2:
    dependencies:
      end-of-stream-promise: 1.0.0
      esmod-pmb: 0.1.13
      getown: 1.0.1
      into-stream: 5.1.1
      p-fatal: 0.1.5
      p-read-next-stream-chunk: 0.1.3
      split-stream-lines-preserve-eol-pmb: 0.1.1
      split-string-or-buffer-once-pmb: 1.0.2
      through2-promise: 1.1.2
      typechecks-pmb: 0.200620.6
      vtry: 1.0.9

  source-map-js@1.2.1: {}

  split-stream-lines-preserve-eol-pmb@0.1.1:
    dependencies:
      pumpify: 2.0.1
      split2: 3.2.2
      through2-promise: 1.1.2

  split-string-or-buffer-once-pmb@1.0.2: {}

  split2@3.2.2:
    dependencies:
      readable-stream: 3.6.2

  stream-shift@1.0.3: {}

  string_decoder@1.1.1:
    dependencies:
      safe-buffer: 5.1.2

  string_decoder@1.3.0:
    dependencies:
      safe-buffer: 5.2.1

  symbol-tree@3.2.4: {}

  through2-promise@1.1.2:
    dependencies:
      any-promise: 1.3.0
      through2: 3.0.2
      xtend: 4.0.2

  through2@3.0.2:
    dependencies:
      inherits: 2.0.4
      readable-stream: 3.6.2

  tldts-core@7.0.26: {}

  tldts@7.0.26:
    dependencies:
      tldts-core: 7.0.26

  tough-cookie@6.0.1:
    dependencies:
      tldts: 7.0.26

  tr46@6.0.0:
    dependencies:
      punycode: 2.3.1

  typechecks-pmb@0.200620.6:
    dependencies:
      getown: 1.0.1

  undici@7.24.4: {}

  util-deprecate@1.0.2: {}

  verror@1.10.1:
    dependencies:
      assert-plus: 1.0.0
      core-util-is: 1.0.2
      extsprintf: 1.4.1

  vtry@1.0.9:
    dependencies:
      esmod-pmb: 0.1.13
      verror: 1.10.1

  w3c-xmlserializer@5.0.0:
    dependencies:
      xml-name-validator: 5.0.0

  webidl-conversions@8.0.1: {}

  whatwg-mimetype@5.0.0: {}

  whatwg-url@16.0.1:
    dependencies:
      '@exodus/bytes': 1.15.0
      tr46: 6.0.0
      webidl-conversions: 8.0.1
    transitivePeerDependencies:
      - '@noble/hashes'

  wrappy@1.0.2: {}

  xml-name-validator@5.0.0: {}

  xmlchars@2.2.0: {}

  xtend@4.0.2: {}
